// !$*UTF8*$!
{
	archiveVersion = 1;
	classes = {
	};
	objectVersion = 56;
	objects = {

/* Begin PBXBuildFile section */
		744B1E092C25A8C40052B4AE /* FirebaseAnalyticsWithoutAdIdSupport in Frameworks */ = {isa = PBXBuildFile; productRef = 744B1E082C25A8C40052B4AE /* FirebaseAnalyticsWithoutAdIdSupport */; };
		744B1E0C2C25D8B00052B4AE /* FirebaseFirestore in Frameworks */ = {isa = PBXBuildFile; productRef = 744B1E0B2C25D8B00052B4AE /* FirebaseFirestore */; };
		744B1E0E2C25D8B60052B4AE /* FirebaseDatabaseSwift in Frameworks */ = {isa = PBXBuildFile; productRef = 744B1E0D2C25D8B60052B4AE /* FirebaseDatabaseSwift */; };
		744B1E102C25D9010052B4AE /* FirebaseFirestoreSwift in Frameworks */ = {isa = PBXBuildFile; productRef = 744B1E0F2C25D9010052B4AE /* FirebaseFirestoreSwift */; };
		744B1E132C27039B0052B4AE /* AVFoundation.framework in Frameworks */ = {isa = PBXBuildFile; fileRef = 744B1E122C27039B0052B4AE /* AVFoundation.framework */; };
		744B1E152C27D0570052B4AE /* BooksStore.swift in Sources */ = {isa = PBXBuildFile; fileRef = 744B1E142C27D0570052B4AE /* BooksStore.swift */; };
		744B1E172C27D0C70052B4AE /* WordStore.swift in Sources */ = {isa = PBXBuildFile; fileRef = 744B1E162C27D0C70052B4AE /* WordStore.swift */; };
		744B1E192C27D1520052B4AE /* DictionaryView.swift in Sources */ = {isa = PBXBuildFile; fileRef = 744B1E182C27D1520052B4AE /* DictionaryView.swift */; };
		744B1E1B2C27D1EE0052B4AE /* AudioSession.swift in Sources */ = {isa = PBXBuildFile; fileRef = 744B1E1A2C27D1EE0052B4AE /* AudioSession.swift */; };
		744B1E1D2C27D7E60052B4AE /* sample_sound.mp3 in Resources */ = {isa = PBXBuildFile; fileRef = 744B1E1C2C27D7E60052B4AE /* sample_sound.mp3 */; };
		74D5D61A2C2A39570094439E /* WordLinkView.swift in Sources */ = {isa = PBXBuildFile; fileRef = 74D5D6192C2A39570094439E /* WordLinkView.swift */; };
		74D5D61C2C2A3D0D0094439E /* BookModel.swift in Sources */ = {isa = PBXBuildFile; fileRef = 74D5D61B2C2A3D0D0094439E /* BookModel.swift */; };
		74D5D63D2C2A69000094439E /* BookView.swift in Sources */ = {isa = PBXBuildFile; fileRef = 74D5D63C2C2A69000094439E /* BookView.swift */; };
		74D5D63F2C2A79B50094439E /* HistoryView.swift in Sources */ = {isa = PBXBuildFile; fileRef = 74D5D63E2C2A79B50094439E /* HistoryView.swift */; };
		74D5D6442C2B67BA0094439E /* GoogleService-Info.plist in Resources */ = {isa = PBXBuildFile; fileRef = 74D5D6432C2B67BA0094439E /* GoogleService-Info.plist */; };
		74E550842C2926F400B065DD /* WordItem.swift in Sources */ = {isa = PBXBuildFile; fileRef = 74E550832C2926F400B065DD /* WordItem.swift */; };
		74F1892A2C1EA6B3005FA174 /* aitangoApp.swift in Sources */ = {isa = PBXBuildFile; fileRef = 74F189292C1EA6B3005FA174 /* aitangoApp.swift */; };
		74F1892C2C1EA6B3005FA174 /* ContentView.swift in Sources */ = {isa = PBXBuildFile; fileRef = 74F1892B2C1EA6B3005FA174 /* ContentView.swift */; };
		74F189302C1EA6B4005FA174 /* Assets.xcassets in Resources */ = {isa = PBXBuildFile; fileRef = 74F1892F2C1EA6B4005FA174 /* Assets.xcassets */; };
		74F189342C1EA6B4005FA174 /* Preview Assets.xcassets in Resources */ = {isa = PBXBuildFile; fileRef = 74F189332C1EA6B4005FA174 /* Preview Assets.xcassets */; };
/* End PBXBuildFile section */

/* Begin PBXFileReference section */
		744B1E112C25E72D0052B4AE /* Info.plist */ = {isa = PBXFileReference; lastKnownFileType = text.plist; path = Info.plist; sourceTree = "<group>"; };
		744B1E122C27039B0052B4AE /* AVFoundation.framework */ = {isa = PBXFileReference; lastKnownFileType = wrapper.framework; name = AVFoundation.framework; path = Platforms/iPhoneOS.platform/Developer/SDKs/iPhoneOS17.5.sdk/System/Library/Frameworks/AVFoundation.framework; sourceTree = DEVELOPER_DIR; };
		744B1E142C27D0570052B4AE /* BooksStore.swift */ = {isa = PBXFileReference; lastKnownFileType = sourcecode.swift; path = BooksStore.swift; sourceTree = "<group>"; };
		744B1E162C27D0C70052B4AE /* WordStore.swift */ = {isa = PBXFileReference; lastKnownFileType = sourcecode.swift; path = WordStore.swift; sourceTree = "<group>"; };
		744B1E182C27D1520052B4AE /* DictionaryView.swift */ = {isa = PBXFileReference; lastKnownFileType = sourcecode.swift; path = DictionaryView.swift; sourceTree = "<group>"; };
		744B1E1A2C27D1EE0052B4AE /* AudioSession.swift */ = {isa = PBXFileReference; lastKnownFileType = sourcecode.swift; path = AudioSession.swift; sourceTree = "<group>"; };
		744B1E1C2C27D7E60052B4AE /* sample_sound.mp3 */ = {isa = PBXFileReference; lastKnownFileType = audio.mp3; path = sample_sound.mp3; sourceTree = "<group>"; };
		74D5D6192C2A39570094439E /* WordLinkView.swift */ = {isa = PBXFileReference; lastKnownFileType = sourcecode.swift; path = WordLinkView.swift; sourceTree = "<group>"; };
		74D5D61B2C2A3D0D0094439E /* BookModel.swift */ = {isa = PBXFileReference; lastKnownFileType = sourcecode.swift; path = BookModel.swift; sourceTree = "<group>"; };
		74D5D63C2C2A69000094439E /* BookView.swift */ = {isa = PBXFileReference; lastKnownFileType = sourcecode.swift; path = BookView.swift; sourceTree = "<group>"; };
		74D5D63E2C2A79B50094439E /* HistoryView.swift */ = {isa = PBXFileReference; lastKnownFileType = sourcecode.swift; path = HistoryView.swift; sourceTree = "<group>"; };
		74D5D6432C2B67BA0094439E /* GoogleService-Info.plist */ = {isa = PBXFileReference; fileEncoding = 4; lastKnownFileType = text.plist.xml; path = "GoogleService-Info.plist"; sourceTree = "<group>"; };
		74E550832C2926F400B065DD /* WordItem.swift */ = {isa = PBXFileReference; lastKnownFileType = sourcecode.swift; path = WordItem.swift; sourceTree = "<group>"; };
		74F189262C1EA6B3005FA174 /* aitango.app */ = {isa = PBXFileReference; explicitFileType = wrapper.application; includeInIndex = 0; path = aitango.app; sourceTree = BUILT_PRODUCTS_DIR; };
		74F189292C1EA6B3005FA174 /* aitangoApp.swift */ = {isa = PBXFileReference; lastKnownFileType = sourcecode.swift; path = aitangoApp.swift; sourceTree = "<group>"; };
		74F1892B2C1EA6B3005FA174 /* ContentView.swift */ = {isa = PBXFileReference; lastKnownFileType = sourcecode.swift; path = ContentView.swift; sourceTree = "<group>"; };
		74F1892F2C1EA6B4005FA174 /* Assets.xcassets */ = {isa = PBXFileReference; lastKnownFileType = folder.assetcatalog; path = Assets.xcassets; sourceTree = "<group>"; };
		74F189312C1EA6B4005FA174 /* aitango.entitlements */ = {isa = PBXFileReference; lastKnownFileType = text.plist.entitlements; path = aitango.entitlements; sourceTree = "<group>"; };
		74F189332C1EA6B4005FA174 /* Preview Assets.xcassets */ = {isa = PBXFileReference; lastKnownFileType = folder.assetcatalog; path = "Preview Assets.xcassets"; sourceTree = "<group>"; };
/* End PBXFileReference section */

/* Begin PBXFrameworksBuildPhase section */
		74F189232C1EA6B3005FA174 /* Frameworks */ = {
			isa = PBXFrameworksBuildPhase;
			buildActionMask = 2147483647;
			files = (
				744B1E0E2C25D8B60052B4AE /* FirebaseDatabaseSwift in Frameworks */,
				744B1E092C25A8C40052B4AE /* FirebaseAnalyticsWithoutAdIdSupport in Frameworks */,
				744B1E132C27039B0052B4AE /* AVFoundation.framework in Frameworks */,
				744B1E0C2C25D8B00052B4AE /* FirebaseFirestore in Frameworks */,
				744B1E102C25D9010052B4AE /* FirebaseFirestoreSwift in Frameworks */,
			);
			runOnlyForDeploymentPostprocessing = 0;
		};
/* End PBXFrameworksBuildPhase section */

/* Begin PBXGroup section */
		744B1E0A2C25D8B00052B4AE /* Frameworks */ = {
			isa = PBXGroup;
			children = (
				744B1E122C27039B0052B4AE /* AVFoundation.framework */,
			);
			name = Frameworks;
			sourceTree = "<group>";
		};
		74D5D6402C2B170E0094439E /* Views */ = {
			isa = PBXGroup;
			children = (
				74D5D6192C2A39570094439E /* WordLinkView.swift */,
				744B1E182C27D1520052B4AE /* DictionaryView.swift */,
				74F1892B2C1EA6B3005FA174 /* ContentView.swift */,
				74D5D63E2C2A79B50094439E /* HistoryView.swift */,
				74D5D63C2C2A69000094439E /* BookView.swift */,
			);
			path = Views;
			sourceTree = "<group>";
		};
		74D5D6412C2B17290094439E /* Stores */ = {
			isa = PBXGroup;
			children = (
				744B1E162C27D0C70052B4AE /* WordStore.swift */,
				744B1E142C27D0570052B4AE /* BooksStore.swift */,
			);
			path = Stores;
			sourceTree = "<group>";
		};
		74D5D6422C2B17360094439E /* Models */ = {
			isa = PBXGroup;
			children = (
				74E550832C2926F400B065DD /* WordItem.swift */,
				74D5D61B2C2A3D0D0094439E /* BookModel.swift */,
			);
			path = Models;
			sourceTree = "<group>";
		};
		74F1891D2C1EA6B3005FA174 = {
			isa = PBXGroup;
			children = (
				74F189282C1EA6B3005FA174 /* aitango */,
				74F189272C1EA6B3005FA174 /* Products */,
				744B1E0A2C25D8B00052B4AE /* Frameworks */,
			);
			sourceTree = "<group>";
		};
		74F189272C1EA6B3005FA174 /* Products */ = {
			isa = PBXGroup;
			children = (
				74F189262C1EA6B3005FA174 /* aitango.app */,
			);
			name = Products;
			sourceTree = "<group>";
		};
		74F189282C1EA6B3005FA174 /* aitango */ = {
			isa = PBXGroup;
			children = (
				74D5D6432C2B67BA0094439E /* GoogleService-Info.plist */,
				744B1E112C25E72D0052B4AE /* Info.plist */,
				74F189292C1EA6B3005FA174 /* aitangoApp.swift */,
				744B1E1A2C27D1EE0052B4AE /* AudioSession.swift */,
				74D5D6402C2B170E0094439E /* Views */,
				744B1E1C2C27D7E60052B4AE /* sample_sound.mp3 */,
				74D5D6412C2B17290094439E /* Stores */,
				74D5D6422C2B17360094439E /* Models */,
				74F1892F2C1EA6B4005FA174 /* Assets.xcassets */,
				74F189312C1EA6B4005FA174 /* aitango.entitlements */,
				74F189322C1EA6B4005FA174 /* Preview Content */,
			);
			path = aitango;
			sourceTree = "<group>";
		};
		74F189322C1EA6B4005FA174 /* Preview Content */ = {
			isa = PBXGroup;
			children = (
				74F189332C1EA6B4005FA174 /* Preview Assets.xcassets */,
			);
			path = "Preview Content";
			sourceTree = "<group>";
		};
/* End PBXGroup section */

/* Begin PBXNativeTarget section */
		74F189252C1EA6B3005FA174 /* aitango */ = {
			isa = PBXNativeTarget;
			buildConfigurationList = 74F189372C1EA6B4005FA174 /* Build configuration list for PBXNativeTarget "aitango" */;
			buildPhases = (
				74F189222C1EA6B3005FA174 /* Sources */,
				74F189232C1EA6B3005FA174 /* Frameworks */,
				74F189242C1EA6B3005FA174 /* Resources */,
			);
			buildRules = (
			);
			dependencies = (
			);
			name = aitango;
			packageProductDependencies = (
				744B1E082C25A8C40052B4AE /* FirebaseAnalyticsWithoutAdIdSupport */,
				744B1E0B2C25D8B00052B4AE /* FirebaseFirestore */,
				744B1E0D2C25D8B60052B4AE /* FirebaseDatabaseSwift */,
				744B1E0F2C25D9010052B4AE /* FirebaseFirestoreSwift */,
			);
			productName = aitango;
			productReference = 74F189262C1EA6B3005FA174 /* aitango.app */;
			productType = "com.apple.product-type.application";
		};
/* End PBXNativeTarget section */

/* Begin PBXProject section */
		74F1891E2C1EA6B3005FA174 /* Project object */ = {
			isa = PBXProject;
			attributes = {
				BuildIndependentTargetsInParallel = 1;
				LastSwiftUpdateCheck = 1540;
				LastUpgradeCheck = 1540;
				TargetAttributes = {
					74F189252C1EA6B3005FA174 = {
						CreatedOnToolsVersion = 15.4;
					};
				};
			};
			buildConfigurationList = 74F189212C1EA6B3005FA174 /* Build configuration list for PBXProject "aitango" */;
			compatibilityVersion = "Xcode 14.0";
			developmentRegion = en;
			hasScannedForEncodings = 0;
			knownRegions = (
				en,
				Base,
			);
			mainGroup = 74F1891D2C1EA6B3005FA174;
			packageReferences = (
				744B1E072C25A8C40052B4AE /* XCRemoteSwiftPackageReference "firebase-ios-sdk" */,
			);
			productRefGroup = 74F189272C1EA6B3005FA174 /* Products */;
			projectDirPath = "";
			projectRoot = "";
			targets = (
				74F189252C1EA6B3005FA174 /* aitango */,
			);
		};
/* End PBXProject section */

/* Begin PBXResourcesBuildPhase section */
		74F189242C1EA6B3005FA174 /* Resources */ = {
			isa = PBXResourcesBuildPhase;
			buildActionMask = 2147483647;
			files = (
				744B1E1D2C27D7E60052B4AE /* sample_sound.mp3 in Resources */,
				74D5D6442C2B67BA0094439E /* GoogleService-Info.plist in Resources */,
				74F189342C1EA6B4005FA174 /* Preview Assets.xcassets in Resources */,
				74F189302C1EA6B4005FA174 /* Assets.xcassets in Resources */,
			);
			runOnlyForDeploymentPostprocessing = 0;
		};
/* End PBXResourcesBuildPhase section */

/* Begin PBXSourcesBuildPhase section */
		74F189222C1EA6B3005FA174 /* Sources */ = {
			isa = PBXSourcesBuildPhase;
			buildActionMask = 2147483647;
			files = (
				74D5D61C2C2A3D0D0094439E /* BookModel.swift in Sources */,
				74D5D63F2C2A79B50094439E /* HistoryView.swift in Sources */,
				74F1892C2C1EA6B3005FA174 /* ContentView.swift in Sources */,
				744B1E152C27D0570052B4AE /* BooksStore.swift in Sources */,
				74F1892A2C1EA6B3005FA174 /* aitangoApp.swift in Sources */,
				74E550842C2926F400B065DD /* WordItem.swift in Sources */,
				74D5D61A2C2A39570094439E /* WordLinkView.swift in Sources */,
				744B1E192C27D1520052B4AE /* DictionaryView.swift in Sources */,
				744B1E172C27D0C70052B4AE /* WordStore.swift in Sources */,
				74D5D63D2C2A69000094439E /* BookView.swift in Sources */,
				744B1E1B2C27D1EE0052B4AE /* AudioSession.swift in Sources */,
			);
			runOnlyForDeploymentPostprocessing = 0;
		};
/* End PBXSourcesBuildPhase section */

/* Begin XCBuildConfiguration section */
		74F189352C1EA6B4005FA174 /* Debug */ = {
			isa = XCBuildConfiguration;
			buildSettings = {
				ALWAYS_SEARCH_USER_PATHS = NO;
				ASSETCATALOG_COMPILER_GENERATE_SWIFT_ASSET_SYMBOL_EXTENSIONS = YES;
				CLANG_ANALYZER_NONNULL = YES;
				CLANG_ANALYZER_NUMBER_OBJECT_CONVERSION = YES_AGGRESSIVE;
				CLANG_CXX_LANGUAGE_STANDARD = "gnu++20";
				CLANG_ENABLE_MODULES = YES;
				CLANG_ENABLE_OBJC_ARC = YES;
				CLANG_ENABLE_OBJC_WEAK = YES;
				CLANG_WARN_BLOCK_CAPTURE_AUTORELEASING = YES;
				CLANG_WARN_BOOL_CONVERSION = YES;
				CLANG_WARN_COMMA = YES;
				CLANG_WARN_CONSTANT_CONVERSION = YES;
				CLANG_WARN_DEPRECATED_OBJC_IMPLEMENTATIONS = YES;
				CLANG_WARN_DIRECT_OBJC_ISA_USAGE = YES_ERROR;
				CLANG_WARN_DOCUMENTATION_COMMENTS = YES;
				CLANG_WARN_EMPTY_BODY = YES;
				CLANG_WARN_ENUM_CONVERSION = YES;
				CLANG_WARN_INFINITE_RECURSION = YES;
				CLANG_WARN_INT_CONVERSION = YES;
				CLANG_WARN_NON_LITERAL_NULL_CONVERSION = YES;
				CLANG_WARN_OBJC_IMPLICIT_RETAIN_SELF = YES;
				CLANG_WARN_OBJC_LITERAL_CONVERSION = YES;
				CLANG_WARN_OBJC_ROOT_CLASS = YES_ERROR;
				CLANG_WARN_QUOTED_INCLUDE_IN_FRAMEWORK_HEADER = YES;
				CLANG_WARN_RANGE_LOOP_ANALYSIS = YES;
				CLANG_WARN_STRICT_PROTOTYPES = YES;
				CLANG_WARN_SUSPICIOUS_MOVE = YES;
				CLANG_WARN_UNGUARDED_AVAILABILITY = YES_AGGRESSIVE;
				CLANG_WARN_UNREACHABLE_CODE = YES;
				CLANG_WARN__DUPLICATE_METHOD_MATCH = YES;
				COPY_PHASE_STRIP = NO;
				DEBUG_INFORMATION_FORMAT = dwarf;
				ENABLE_STRICT_OBJC_MSGSEND = YES;
				ENABLE_TESTABILITY = YES;
				ENABLE_USER_SCRIPT_SANDBOXING = YES;
				GCC_C_LANGUAGE_STANDARD = gnu17;
				GCC_DYNAMIC_NO_PIC = NO;
				GCC_NO_COMMON_BLOCKS = YES;
				GCC_OPTIMIZATION_LEVEL = 0;
				GCC_PREPROCESSOR_DEFINITIONS = (
					"DEBUG=1",
					"$(inherited)",
				);
				GCC_WARN_64_TO_32_BIT_CONVERSION = YES;
				GCC_WARN_ABOUT_RETURN_TYPE = YES_ERROR;
				GCC_WARN_UNDECLARED_SELECTOR = YES;
				GCC_WARN_UNINITIALIZED_AUTOS = YES_AGGRESSIVE;
				GCC_WARN_UNUSED_FUNCTION = YES;
				GCC_WARN_UNUSED_VARIABLE = YES;
				LOCALIZATION_PREFERS_STRING_CATALOGS = YES;
				MTL_ENABLE_DEBUG_INFO = INCLUDE_SOURCE;
				MTL_FAST_MATH = YES;
				ONLY_ACTIVE_ARCH = YES;
				SWIFT_ACTIVE_COMPILATION_CONDITIONS = "DEBUG $(inherited)";
				SWIFT_OPTIMIZATION_LEVEL = "-Onone";
			};
			name = Debug;
		};
		74F189362C1EA6B4005FA174 /* Release */ = {
			isa = XCBuildConfiguration;
			buildSettings = {
				ALWAYS_SEARCH_USER_PATHS = NO;
				ASSETCATALOG_COMPILER_GENERATE_SWIFT_ASSET_SYMBOL_EXTENSIONS = YES;
				CLANG_ANALYZER_NONNULL = YES;
				CLANG_ANALYZER_NUMBER_OBJECT_CONVERSION = YES_AGGRESSIVE;
				CLANG_CXX_LANGUAGE_STANDARD = "gnu++20";
				CLANG_ENABLE_MODULES = YES;
				CLANG_ENABLE_OBJC_ARC = YES;
				CLANG_ENABLE_OBJC_WEAK = YES;
				CLANG_WARN_BLOCK_CAPTURE_AUTORELEASING = YES;
				CLANG_WARN_BOOL_CONVERSION = YES;
				CLANG_WARN_COMMA = YES;
				CLANG_WARN_CONSTANT_CONVERSION = YES;
				CLANG_WARN_DEPRECATED_OBJC_IMPLEMENTATIONS = YES;
				CLANG_WARN_DIRECT_OBJC_ISA_USAGE = YES_ERROR;
				CLANG_WARN_DOCUMENTATION_COMMENTS = YES;
				CLANG_WARN_EMPTY_BODY = YES;
				CLANG_WARN_ENUM_CONVERSION = YES;
				CLANG_WARN_INFINITE_RECURSION = YES;
				CLANG_WARN_INT_CONVERSION = YES;
				CLANG_WARN_NON_LITERAL_NULL_CONVERSION = YES;
				CLANG_WARN_OBJC_IMPLICIT_RETAIN_SELF = YES;
				CLANG_WARN_OBJC_LITERAL_CONVERSION = YES;
				CLANG_WARN_OBJC_ROOT_CLASS = YES_ERROR;
				CLANG_WARN_QUOTED_INCLUDE_IN_FRAMEWORK_HEADER = YES;
				CLANG_WARN_RANGE_LOOP_ANALYSIS = YES;
				CLANG_WARN_STRICT_PROTOTYPES = YES;
				CLANG_WARN_SUSPICIOUS_MOVE = YES;
				CLANG_WARN_UNGUARDED_AVAILABILITY = YES_AGGRESSIVE;
				CLANG_WARN_UNREACHABLE_CODE = YES;
				CLANG_WARN__DUPLICATE_METHOD_MATCH = YES;
				COPY_PHASE_STRIP = NO;
				DEBUG_INFORMATION_FORMAT = "dwarf-with-dsym";
				ENABLE_NS_ASSERTIONS = NO;
				ENABLE_STRICT_OBJC_MSGSEND = YES;
				ENABLE_USER_SCRIPT_SANDBOXING = YES;
				GCC_C_LANGUAGE_STANDARD = gnu17;
				GCC_NO_COMMON_BLOCKS = YES;
				GCC_WARN_64_TO_32_BIT_CONVERSION = YES;
				GCC_WARN_ABOUT_RETURN_TYPE = YES_ERROR;
				GCC_WARN_UNDECLARED_SELECTOR = YES;
				GCC_WARN_UNINITIALIZED_AUTOS = YES_AGGRESSIVE;
				GCC_WARN_UNUSED_FUNCTION = YES;
				GCC_WARN_UNUSED_VARIABLE = YES;
				LOCALIZATION_PREFERS_STRING_CATALOGS = YES;
				MTL_ENABLE_DEBUG_INFO = NO;
				MTL_FAST_MATH = YES;
				SWIFT_COMPILATION_MODE = wholemodule;
			};
			name = Release;
		};
		74F189382C1EA6B4005FA174 /* Debug */ = {
			isa = XCBuildConfiguration;
			buildSettings = {
				ASSETCATALOG_COMPILER_APPICON_NAME = AppIcon;
				ASSETCATALOG_COMPILER_GLOBAL_ACCENT_COLOR_NAME = AccentColor;
				CODE_SIGN_ENTITLEMENTS = aitango/aitango.entitlements;
				CODE_SIGN_STYLE = Automatic;
				CURRENT_PROJECT_VERSION = 2;
				DEVELOPMENT_ASSET_PATHS = "\"aitango/Preview Content\"";
				DEVELOPMENT_TEAM = H34BY2CCCD;
				ENABLE_HARDENED_RUNTIME = YES;
				ENABLE_PREVIEWS = YES;
				GENERATE_INFOPLIST_FILE = YES;
				INFOPLIST_FILE = aitango/Info.plist;
				INFOPLIST_KEY_CFBundleDisplayName = "英単語Agent";
				INFOPLIST_KEY_LSApplicationCategoryType = "public.app-category.education";
				"INFOPLIST_KEY_UIApplicationSceneManifest_Generation[sdk=iphoneos*]" = YES;
				"INFOPLIST_KEY_UIApplicationSceneManifest_Generation[sdk=iphonesimulator*]" = YES;
				"INFOPLIST_KEY_UIApplicationSupportsIndirectInputEvents[sdk=iphoneos*]" = YES;
				"INFOPLIST_KEY_UIApplicationSupportsIndirectInputEvents[sdk=iphonesimulator*]" = YES;
				"INFOPLIST_KEY_UILaunchScreen_Generation[sdk=iphoneos*]" = YES;
				"INFOPLIST_KEY_UILaunchScreen_Generation[sdk=iphonesimulator*]" = YES;
				"INFOPLIST_KEY_UIStatusBarStyle[sdk=iphoneos*]" = UIStatusBarStyleDefault;
				"INFOPLIST_KEY_UIStatusBarStyle[sdk=iphonesimulator*]" = UIStatusBarStyleDefault;
				INFOPLIST_KEY_UISupportedInterfaceOrientations_iPad = "UIInterfaceOrientationPortrait UIInterfaceOrientationPortraitUpsideDown UIInterfaceOrientationLandscapeLeft UIInterfaceOrientationLandscapeRight";
				INFOPLIST_KEY_UISupportedInterfaceOrientations_iPhone = "UIInterfaceOrientationPortrait UIInterfaceOrientationLandscapeLeft UIInterfaceOrientationLandscapeRight";
				IPHONEOS_DEPLOYMENT_TARGET = 17.0;
				LD_RUNPATH_SEARCH_PATHS = "@executable_path/Frameworks";
				"LD_RUNPATH_SEARCH_PATHS[sdk=macosx*]" = "@executable_path/../Frameworks";
				MACOSX_DEPLOYMENT_TARGET = 14.0;
				MARKETING_VERSION = 1.0;
				PRODUCT_BUNDLE_IDENTIFIER = org.singularitysociety.aitango;
				PRODUCT_NAME = "$(TARGET_NAME)";
				SDKROOT = auto;
				SUPPORTED_PLATFORMS = "iphoneos iphonesimulator";
				SUPPORTS_MACCATALYST = NO;
				SWIFT_EMIT_LOC_STRINGS = YES;
				SWIFT_VERSION = 5.0;
				TARGETED_DEVICE_FAMILY = "1,2";
			};
			name = Debug;
		};
		74F189392C1EA6B4005FA174 /* Release */ = {
			isa = XCBuildConfiguration;
			buildSettings = {
				ASSETCATALOG_COMPILER_APPICON_NAME = AppIcon;
				ASSETCATALOG_COMPILER_GLOBAL_ACCENT_COLOR_NAME = AccentColor;
				CODE_SIGN_ENTITLEMENTS = aitango/aitango.entitlements;
				CODE_SIGN_STYLE = Automatic;
				CURRENT_PROJECT_VERSION = 2;
				DEVELOPMENT_ASSET_PATHS = "\"aitango/Preview Content\"";
				DEVELOPMENT_TEAM = H34BY2CCCD;
				ENABLE_HARDENED_RUNTIME = YES;
				ENABLE_PREVIEWS = YES;
				GENERATE_INFOPLIST_FILE = YES;
				INFOPLIST_FILE = aitango/Info.plist;
				INFOPLIST_KEY_CFBundleDisplayName = "英単語Agent";
				INFOPLIST_KEY_LSApplicationCategoryType = "public.app-category.education";
				"INFOPLIST_KEY_UIApplicationSceneManifest_Generation[sdk=iphoneos*]" = YES;
				"INFOPLIST_KEY_UIApplicationSceneManifest_Generation[sdk=iphonesimulator*]" = YES;
				"INFOPLIST_KEY_UIApplicationSupportsIndirectInputEvents[sdk=iphoneos*]" = YES;
				"INFOPLIST_KEY_UIApplicationSupportsIndirectInputEvents[sdk=iphonesimulator*]" = YES;
				"INFOPLIST_KEY_UILaunchScreen_Generation[sdk=iphoneos*]" = YES;
				"INFOPLIST_KEY_UILaunchScreen_Generation[sdk=iphonesimulator*]" = YES;
				"INFOPLIST_KEY_UIStatusBarStyle[sdk=iphoneos*]" = UIStatusBarStyleDefault;
				"INFOPLIST_KEY_UIStatusBarStyle[sdk=iphonesimulator*]" = UIStatusBarStyleDefault;
				INFOPLIST_KEY_UISupportedInterfaceOrientations_iPad = "UIInterfaceOrientationPortrait UIInterfaceOrientationPortraitUpsideDown UIInterfaceOrientationLandscapeLeft UIInterfaceOrientationLandscapeRight";
				INFOPLIST_KEY_UISupportedInterfaceOrientations_iPhone = "UIInterfaceOrientationPortrait UIInterfaceOrientationLandscapeLeft UIInterfaceOrientationLandscapeRight";
				IPHONEOS_DEPLOYMENT_TARGET = 17.0;
				LD_RUNPATH_SEARCH_PATHS = "@executable_path/Frameworks";
				"LD_RUNPATH_SEARCH_PATHS[sdk=macosx*]" = "@executable_path/../Frameworks";
				MACOSX_DEPLOYMENT_TARGET = 14.0;
				MARKETING_VERSION = 1.0;
				PRODUCT_BUNDLE_IDENTIFIER = org.singularitysociety.aitango;
				PRODUCT_NAME = "$(TARGET_NAME)";
				SDKROOT = auto;
				SUPPORTED_PLATFORMS = "iphoneos iphonesimulator";
				SUPPORTS_MACCATALYST = NO;
				SWIFT_EMIT_LOC_STRINGS = YES;
				SWIFT_VERSION = 5.0;
				TARGETED_DEVICE_FAMILY = "1,2";
			};
			name = Release;
		};
/* End XCBuildConfiguration section */

/* Begin XCConfigurationList section */
		74F189212C1EA6B3005FA174 /* Build configuration list for PBXProject "aitango" */ = {
			isa = XCConfigurationList;
			buildConfigurations = (
				74F189352C1EA6B4005FA174 /* Debug */,
				74F189362C1EA6B4005FA174 /* Release */,
			);
			defaultConfigurationIsVisible = 0;
			defaultConfigurationName = Release;
		};
		74F189372C1EA6B4005FA174 /* Build configuration list for PBXNativeTarget "aitango" */ = {
			isa = XCConfigurationList;
			buildConfigurations = (
				74F189382C1EA6B4005FA174 /* Debug */,
				74F189392C1EA6B4005FA174 /* Release */,
			);
			defaultConfigurationIsVisible = 0;
			defaultConfigurationName = Release;
		};
/* End XCConfigurationList section */

/* Begin XCRemoteSwiftPackageReference section */
		744B1E072C25A8C40052B4AE /* XCRemoteSwiftPackageReference "firebase-ios-sdk" */ = {
			isa = XCRemoteSwiftPackageReference;
			repositoryURL = "https://github.com/firebase/firebase-ios-sdk";
			requirement = {
				kind = upToNextMajorVersion;
				minimumVersion = 10.28.0;
			};
		};
/* End XCRemoteSwiftPackageReference section */

/* Begin XCSwiftPackageProductDependency section */
		744B1E082C25A8C40052B4AE /* FirebaseAnalyticsWithoutAdIdSupport */ = {
			isa = XCSwiftPackageProductDependency;
			package = 744B1E072C25A8C40052B4AE /* XCRemoteSwiftPackageReference "firebase-ios-sdk" */;
			productName = FirebaseAnalyticsWithoutAdIdSupport;
		};
		744B1E0B2C25D8B00052B4AE /* FirebaseFirestore */ = {
			isa = XCSwiftPackageProductDependency;
			package = 744B1E072C25A8C40052B4AE /* XCRemoteSwiftPackageReference "firebase-ios-sdk" */;
			productName = FirebaseFirestore;
		};
		744B1E0D2C25D8B60052B4AE /* FirebaseDatabaseSwift */ = {
			isa = XCSwiftPackageProductDependency;
			package = 744B1E072C25A8C40052B4AE /* XCRemoteSwiftPackageReference "firebase-ios-sdk" */;
			productName = FirebaseDatabaseSwift;
		};
		744B1E0F2C25D9010052B4AE /* FirebaseFirestoreSwift */ = {
			isa = XCSwiftPackageProductDependency;
			package = 744B1E072C25A8C40052B4AE /* XCRemoteSwiftPackageReference "firebase-ios-sdk" */;
			productName = FirebaseFirestoreSwift;
		};
/* End XCSwiftPackageProductDependency section */
	};
	rootObject = 74F1891E2C1EA6B3005FA174 /* Project object */;
}
